
Microsoft Visual Studio Solution File, Format Version 12.00
# Visual Studio 15
VisualStudioVersion = 15.0.27428.2027
MinimumVisualStudioVersion = 10.0.40219.1
Project("{FAE04EC0-301F-11D3-BF4B-00C04F79EFBC}") = "EWallet", "EWallet\EWallet.csproj", "{AA9F594E-83CC-4178-98B7-52B1C389A2FE}"
EndProject
Project("{FAE04EC0-301F-11D3-BF4B-00C04F79EFBC}") = "EWallet_ClassLibrary", "EWallet_ClassLibrary\EWallet_ClassLibrary.csproj", "{5F08D207-9001-4EE7-8F3B-DD3774128883}"
EndProject
Project("{00D1A9C2-B5F0-4AF3-8072-F6C62B433612}") = "EWallet_Database", "..\..\Semester 1\Programming\Week 6\E-Wallet\E-Wallet_Database\EWallet_Database.sqlproj", "{6EAD2A8C-2DD1-425F-A675-F5702C44BBCB}"
EndProject
Project("{9A19103F-16F7-4668-BE54-9A1E7A4F7556}") = "EWalletAPI", "..\..\Semester 1\Programming\Week 6\E-Wallet\E-Wallet\EWalletAPI.csproj", "{4A4BA9B9-DB5A-409E-997C-8CCDD6D51E18}"
EndProject
Global
	GlobalSection(SolutionConfigurationPlatforms) = preSolution
		Debug|Any CPU = Debug|Any CPU
		Release|Any CPU = Release|Any CPU
	EndGlobalSection
	GlobalSection(ProjectConfigurationPlatforms) = postSolution
		{AA9F594E-83CC-4178-98B7-52B1C389A2FE}.Debug|Any CPU.ActiveCfg = Debug|Any CPU
		{AA9F594E-83CC-4178-98B7-52B1C389A2FE}.Debug|Any CPU.Build.0 = Debug|Any CPU
		{AA9F594E-83CC-4178-98B7-52B1C389A2FE}.Release|Any CPU.ActiveCfg = Release|Any CPU
		{AA9F594E-83CC-4178-98B7-52B1C389A2FE}.Release|Any CPU.Build.0 = Release|Any CPU
		{5F08D207-9001-4EE7-8F3B-DD3774128883}.Debug|Any CPU.ActiveCfg = Debug|Any CPU
		{5F08D207-9001-4EE7-8F3B-DD3774128883}.Debug|Any CPU.Build.0 = Debug|Any CPU
		{5F08D207-9001-4EE7-8F3B-DD3774128883}.Release|Any CPU.ActiveCfg = Release|Any CPU
		{5F08D207-9001-4EE7-8F3B-DD3774128883}.Release|Any CPU.Build.0 = Release|Any CPU
		{6EAD2A8C-2DD1-425F-A675-F5702C44BBCB}.Debug|Any CPU.ActiveCfg = Debug|Any CPU
		{6EAD2A8C-2DD1-425F-A675-F5702C44BBCB}.Debug|Any CPU.Build.0 = Debug|Any CPU
		{6EAD2A8C-2DD1-425F-A675-F5702C44BBCB}.Debug|Any CPU.Deploy.0 = Debug|Any CPU
		{6EAD2A8C-2DD1-425F-A675-F5702C44BBCB}.Release|Any CPU.ActiveCfg = Release|Any CPU
		{6EAD2A8C-2DD1-425F-A675-F5702C44BBCB}.Release|Any CPU.Build.0 = Release|Any CPU
		{6EAD2A8C-2DD1-425F-A675-F5702C44BBCB}.Release|Any CPU.Deploy.0 = Release|Any CPU
		{4A4BA9B9-DB5A-409E-997C-8CCDD6D51E18}.Debug|Any CPU.ActiveCfg = Debug|Any CPU
		{4A4BA9B9-DB5A-409E-997C-8CCDD6D51E18}.Debug|Any CPU.Build.0 = Debug|Any CPU
		{4A4BA9B9-DB5A-409E-997C-8CCDD6D51E18}.Release|Any CPU.ActiveCfg = Release|Any CPU
		{4A4BA9B9-DB5A-409E-997C-8CCDD6D51E18}.Release|Any CPU.Build.0 = Release|Any CPU
	EndGlobalSection
	GlobalSection(SolutionProperties) = preSolution
		HideSolutionNode = FALSE
	EndGlobalSection
	GlobalSection(ExtensibilityGlobals) = postSolution
		SolutionGuid = {7EB9B6AE-B3D3-4C09-BA8B-0EBA5D017FA2}
	EndGlobalSection
EndGlobal
