
Microsoft Visual Studio Solution File, Format Version 12.00
# Visual Studio 15
VisualStudioVersion = 15.0.27428.2027
MinimumVisualStudioVersion = 10.0.40219.1
Project("{FAE04EC0-301F-11D3-BF4B-00C04F79EFBC}") = "EWallet", "EWallet\EWallet.csproj", "{AA9F594E-83CC-4178-98B7-52B1C389A2FE}"
EndProject
Project("{FAE04EC0-301F-11D3-BF4B-00C04F79EFBC}") = "EWallet_ClassLibrary", "EWallet_ClassLibrary\EWallet_ClassLibrary.csproj", "{5F08D207-9001-4EE7-8F3B-DD3774128883}"
EndProject
Global
	GlobalSection(SolutionConfigurationPlatforms) = preSolution
		Debug|Any CPU = Debug|Any CPU
		Release|Any CPU = Release|Any CPU
	EndGlobalSection
	GlobalSection(ProjectConfigurationPlatforms) = postSolution
		{AA9F594E-83CC-4178-98B7-52B1C389A2FE}.Debug|Any CPU.ActiveCfg = Debug|Any CPU
		{AA9F594E-83CC-4178-98B7-52B1C389A2FE}.Debug|Any CPU.Build.0 = Debug|Any CPU
		{AA9F594E-83CC-4178-98B7-52B1C389A2FE}.Release|Any CPU.ActiveCfg = Release|Any CPU
		{AA9F594E-83CC-4178-98B7-52B1C389A2FE}.Release|Any CPU.Build.0 = Release|Any CPU
		{5F08D207-9001-4EE7-8F3B-DD3774128883}.Debug|Any CPU.ActiveCfg = Debug|Any CPU
		{5F08D207-9001-4EE7-8F3B-DD3774128883}.Debug|Any CPU.Build.0 = Debug|Any CPU
		{5F08D207-9001-4EE7-8F3B-DD3774128883}.Release|Any CPU.ActiveCfg = Release|Any CPU
		{5F08D207-9001-4EE7-8F3B-DD3774128883}.Release|Any CPU.Build.0 = Release|Any CPU
	EndGlobalSection
	GlobalSection(SolutionProperties) = preSolution
		HideSolutionNode = FALSE
	EndGlobalSection
	GlobalSection(ExtensibilityGlobals) = postSolution
		SolutionGuid = {7EB9B6AE-B3D3-4C09-BA8B-0EBA5D017FA2}
	EndGlobalSection
EndGlobal
